
Microsoft Visual Studio Solution File, Format Version 12.00
# Visual Studio Version 17
VisualStudioVersion = 17.9.34310.174
MinimumVisualStudioVersion = 10.0.40219.1
Project("{FAE04EC0-301F-11D3-BF4B-00C04F79EFBC}") = "Challenges", "Challenges\Challenges.csproj", "{40AF84DF-D8E0-4043-BA3E-6DC172A2F702}"
EndProject
Global
	GlobalSection(SolutionConfigurationPlatforms) = preSolution
		Debug|Any CPU = Debug|Any CPU
		Release|Any CPU = Release|Any CPU
	EndGlobalSection
	GlobalSection(ProjectConfigurationPlatforms) = postSolution
		{40AF84DF-D8E0-4043-BA3E-6DC172A2F702}.Debug|Any CPU.ActiveCfg = Debug|Any CPU
		{40AF84DF-D8E0-4043-BA3E-6DC172A2F702}.Debug|Any CPU.Build.0 = Debug|Any CPU
		{40AF84DF-D8E0-4043-BA3E-6DC172A2F702}.Release|Any CPU.ActiveCfg = Release|Any CPU
		{40AF84DF-D8E0-4043-BA3E-6DC172A2F702}.Release|Any CPU.Build.0 = Release|Any CPU
	EndGlobalSection
	GlobalSection(SolutionProperties) = preSolution
		HideSolutionNode = FALSE
	EndGlobalSection
	GlobalSection(ExtensibilityGlobals) = postSolution
		SolutionGuid = {E765004D-9CD2-4542-AB50-D6F4D646262A}
	EndGlobalSection
EndGlobal
